
Microsoft Visual Studio Solution File, Format Version 12.00
# Visual Studio Version 17
VisualStudioVersion = 17.5.002.0
MinimumVisualStudioVersion = 10.0.40219.1
Project("{FAE04EC0-301F-11D3-BF4B-00C04F79EFBC}") = "Profiler", "Profiler\Profiler.csproj", "{FA12F48E-C2A8-4983-B061-9E41046AB21E}"
EndProject
Project("{FAE04EC0-301F-11D3-BF4B-00C04F79EFBC}") = "JsonParsing", "JsonParsing\JsonParsing.csproj", "{F5A502D9-99A6-4DDF-BAC5-1CC23C2DB355}"
EndProject
Project("{FAE04EC0-301F-11D3-BF4B-00C04F79EFBC}") = "ResourceRegen", "ResourceRegen\ResourceRegen.csproj", "{079D4A1D-D80C-443E-8B73-45E8095D70FC}"
EndProject
Project("{FAE04EC0-301F-11D3-BF4B-00C04F79EFBC}") = "CalculateAreaTest", "CalculateAreaTest\CalculateAreaTest.csproj", "{5496A69F-A903-453E-ADD6-882F128B2903}"
EndProject
Global
	GlobalSection(SolutionConfigurationPlatforms) = preSolution
		Debug|Any CPU = Debug|Any CPU
		Release|Any CPU = Release|Any CPU
	EndGlobalSection
	GlobalSection(ProjectConfigurationPlatforms) = postSolution
		{FA12F48E-C2A8-4983-B061-9E41046AB21E}.Debug|Any CPU.ActiveCfg = Debug|Any CPU
		{FA12F48E-C2A8-4983-B061-9E41046AB21E}.Debug|Any CPU.Build.0 = Debug|Any CPU
		{FA12F48E-C2A8-4983-B061-9E41046AB21E}.Release|Any CPU.ActiveCfg = Release|Any CPU
		{FA12F48E-C2A8-4983-B061-9E41046AB21E}.Release|Any CPU.Build.0 = Release|Any CPU
		{F5A502D9-99A6-4DDF-BAC5-1CC23C2DB355}.Debug|Any CPU.ActiveCfg = Debug|Any CPU
		{F5A502D9-99A6-4DDF-BAC5-1CC23C2DB355}.Debug|Any CPU.Build.0 = Debug|Any CPU
		{F5A502D9-99A6-4DDF-BAC5-1CC23C2DB355}.Release|Any CPU.ActiveCfg = Release|Any CPU
		{F5A502D9-99A6-4DDF-BAC5-1CC23C2DB355}.Release|Any CPU.Build.0 = Release|Any CPU
		{079D4A1D-D80C-443E-8B73-45E8095D70FC}.Debug|Any CPU.ActiveCfg = Debug|Any CPU
		{079D4A1D-D80C-443E-8B73-45E8095D70FC}.Debug|Any CPU.Build.0 = Debug|Any CPU
		{079D4A1D-D80C-443E-8B73-45E8095D70FC}.Release|Any CPU.ActiveCfg = Release|Any CPU
		{079D4A1D-D80C-443E-8B73-45E8095D70FC}.Release|Any CPU.Build.0 = Release|Any CPU
		{5496A69F-A903-453E-ADD6-882F128B2903}.Debug|Any CPU.ActiveCfg = Debug|Any CPU
		{5496A69F-A903-453E-ADD6-882F128B2903}.Debug|Any CPU.Build.0 = Debug|Any CPU
		{5496A69F-A903-453E-ADD6-882F128B2903}.Release|Any CPU.ActiveCfg = Release|Any CPU
		{5496A69F-A903-453E-ADD6-882F128B2903}.Release|Any CPU.Build.0 = Release|Any CPU
	EndGlobalSection
	GlobalSection(SolutionProperties) = preSolution
		HideSolutionNode = FALSE
	EndGlobalSection
	GlobalSection(ExtensibilityGlobals) = postSolution
		SolutionGuid = {898C4481-7073-4D27-812A-7C3B3BC38810}
	EndGlobalSection
EndGlobal
